
Microsoft Visual Studio Solution File, Format Version 12.00
# Visual Studio Version 17
VisualStudioVersion = 17.11.35312.102
MinimumVisualStudioVersion = 10.0.40219.1
Project("{9A19103F-16F7-4668-BE54-9A1E7A4F7556}") = "Sube1.EmlakciApp", "Sube1.EmlakciApp\Sube1.EmlakciApp.csproj", "{B28B9DD0-EF41-49F5-9C3B-CB1A0F0F474A}"
EndProject
Project("{FAE04EC0-301F-11D3-BF4B-00C04F79EFBC}") = "Sube1.EmlakciLib", "Sube1.EmlakciLib\Sube1.EmlakciLib.csproj", "{30B06058-8AD2-4DDA-901E-44F6B715BEDC}"
EndProject
Global
	GlobalSection(SolutionConfigurationPlatforms) = preSolution
		Debug|Any CPU = Debug|Any CPU
		Release|Any CPU = Release|Any CPU
	EndGlobalSection
	GlobalSection(ProjectConfigurationPlatforms) = postSolution
		{B28B9DD0-EF41-49F5-9C3B-CB1A0F0F474A}.Debug|Any CPU.ActiveCfg = Debug|Any CPU
		{B28B9DD0-EF41-49F5-9C3B-CB1A0F0F474A}.Debug|Any CPU.Build.0 = Debug|Any CPU
		{B28B9DD0-EF41-49F5-9C3B-CB1A0F0F474A}.Release|Any CPU.ActiveCfg = Release|Any CPU
		{B28B9DD0-EF41-49F5-9C3B-CB1A0F0F474A}.Release|Any CPU.Build.0 = Release|Any CPU
		{30B06058-8AD2-4DDA-901E-44F6B715BEDC}.Debug|Any CPU.ActiveCfg = Debug|Any CPU
		{30B06058-8AD2-4DDA-901E-44F6B715BEDC}.Debug|Any CPU.Build.0 = Debug|Any CPU
		{30B06058-8AD2-4DDA-901E-44F6B715BEDC}.Release|Any CPU.ActiveCfg = Release|Any CPU
		{30B06058-8AD2-4DDA-901E-44F6B715BEDC}.Release|Any CPU.Build.0 = Release|Any CPU
	EndGlobalSection
	GlobalSection(SolutionProperties) = preSolution
		HideSolutionNode = FALSE
	EndGlobalSection
	GlobalSection(ExtensibilityGlobals) = postSolution
		SolutionGuid = {CC1F20C8-6D6D-425C-A5E6-6E931CE1D864}
	EndGlobalSection
EndGlobal
